
Microsoft Visual Studio Solution File, Format Version 12.00
# Visual Studio Version 17
VisualStudioVersion = 17.13.35818.85 d17.13
MinimumVisualStudioVersion = 10.0.40219.1
Project("{FAE04EC0-301F-11D3-BF4B-00C04F79EFBC}") = "WpfMinipuzzleEditor", "WpfMinipuzzleEditor.csproj", "{1F100E08-E96A-46C7-BB58-5B512FBDB6AD}"
EndProject
Global
	GlobalSection(SolutionConfigurationPlatforms) = preSolution
		Debug|Any CPU = Debug|Any CPU
		Release|Any CPU = Release|Any CPU
	EndGlobalSection
	GlobalSection(ProjectConfigurationPlatforms) = postSolution
		{1F100E08-E96A-46C7-BB58-5B512FBDB6AD}.Debug|Any CPU.ActiveCfg = Debug|Any CPU
		{1F100E08-E96A-46C7-BB58-5B512FBDB6AD}.Debug|Any CPU.Build.0 = Debug|Any CPU
		{1F100E08-E96A-46C7-BB58-5B512FBDB6AD}.Release|Any CPU.ActiveCfg = Release|Any CPU
		{1F100E08-E96A-46C7-BB58-5B512FBDB6AD}.Release|Any CPU.Build.0 = Release|Any CPU
	EndGlobalSection
	GlobalSection(SolutionProperties) = preSolution
		HideSolutionNode = FALSE
	EndGlobalSection
	GlobalSection(ExtensibilityGlobals) = postSolution
		SolutionGuid = {6E9CEAF9-A66E-4A48-88DF-95CA609E069F}
	EndGlobalSection
EndGlobal
